{
    "version": 3,
    "terraform_version": "0.11.14",
    "serial": 25,
    "lineage": "9340f8cb-e6d1-a2d6-8831-051ded6b5dfe",
    "modules": [
        {
            "path": [
                "root"
            ],
            "outputs": {
                "aws_eks_kubectl_role_arn_output": {
                    "sensitive": false,
                    "type": "string",
                    "value": "arn:aws:iam::870539827412:role/eks-kubectl-access-role"
                },
                "aws_iam_node_role_arn_output": {
                    "sensitive": false,
                    "type": "string",
                    "value": "arn:aws:iam::870539827412:role/eks-node-assume-role"
                },
                "loadBalancerAddress4": {
                    "sensitive": false,
                    "type": "list",
                    "value": []
                },
                "url": {
                    "sensitive": false,
                    "type": "string",
                    "value": "ssp-test-bucket-for-uploading-to-json.s3-website-eu-west-2.amazonaws.com"
                }
            },
            "resources": {
                "aws_autoscaling_group.eks-auto-scaling-group": {
                    "type": "aws_autoscaling_group",
                    "depends_on": [
                        "aws_launch_configuration.launch-config",
                        "aws_subnet.ssp-subnets.*"
                    ],
                    "primary": {
                        "id": "terraform-eks",
                        "attributes": {
                            "arn": "arn:aws:autoscaling:eu-west-2:870539827412:autoScalingGroup:0fb7e535-819a-4ae4-8686-3e056fe386ca:autoScalingGroupName/terraform-eks",
                            "availability_zones.#": "2",
                            "availability_zones.1064674357": "eu-west-2a",
                            "availability_zones.1501760113": "eu-west-2b",
                            "default_cooldown": "300",
                            "desired_capacity": "2",
                            "enabled_metrics.#": "0",
                            "force_delete": "false",
                            "health_check_grace_period": "300",
                            "health_check_type": "EC2",
                            "id": "terraform-eks",
                            "launch_configuration": "terraform-eks20190606193928453300000009",
                            "launch_template.#": "0",
                            "load_balancers.#": "0",
                            "max_size": "3",
                            "metrics_granularity": "1Minute",
                            "min_size": "2",
                            "mixed_instances_policy.#": "0",
                            "name": "terraform-eks",
                            "placement_group": "",
                            "protect_from_scale_in": "false",
                            "service_linked_role_arn": "arn:aws:iam::870539827412:role/aws-service-role/autoscaling.amazonaws.com/AWSServiceRoleForAutoScaling",
                            "suspended_processes.#": "0",
                            "tag.#": "1",
                            "tag.323968872.key": "kubernetes.io/cluster/terraform-eks-demo-default",
                            "tag.323968872.propagate_at_launch": "true",
                            "tag.323968872.value": "owned",
                            "target_group_arns.#": "0",
                            "termination_policies.#": "0",
                            "vpc_zone_identifier.#": "2",
                            "vpc_zone_identifier.2009312406": "subnet-035b4157607d2d87d",
                            "vpc_zone_identifier.756752199": "subnet-03c0e2854b610d971",
                            "wait_for_capacity_timeout": "10m"
                        },
                        "meta": {
                            "e2bfb730-ecaa-11e6-8f88-34363bc7c4c0": {
                                "delete": 600000000000
                            }
                        },
                        "tainted": false
                    },
                    "deposed": [],
                    "provider": "provider.aws"
                },
                "aws_eks_cluster.ssp-cluster": {
                    "type": "aws_eks_cluster",
                    "depends_on": [
                        "aws_iam_role.cluster-iam-role",
                        "aws_iam_role_policy_attachment.cluster-AmazonEKSClusterPolicy",
                        "aws_iam_role_policy_attachment.cluster-AmazonEKSServicePolicy",
                        "aws_security_group.cluster-security-group",
                        "aws_subnet.ssp-subnets.*"
                    ],
                    "primary": {
                        "id": "terraform-eks-demo",
                        "attributes": {
                            "arn": "arn:aws:eks:eu-west-2:870539827412:cluster/terraform-eks-demo",
                            "certificate_authority.#": "1",
                            "certificate_authority.0.data": "LS0tLS1CRUdJTiBDRVJUSUZJQ0FURS0tLS0tCk1JSUN5RENDQWJDZ0F3SUJBZ0lCQURBTkJna3Foa2lHOXcwQkFRc0ZBREFWTVJNd0VRWURWUVFERXdwcmRXSmwKY201bGRHVnpNQjRYRFRFNU1EWXdOakU1TXpjd01Gb1hEVEk1TURZd016RTVNemN3TUZvd0ZURVRNQkVHQTFVRQpBeE1LYTNWaVpYSnVaWFJsY3pDQ0FTSXdEUVlKS29aSWh2Y05BUUVCQlFBRGdnRVBBRENDQVFvQ2dnRUJBTTlMClYyaDNuSDhaRUhvZHVXWmdjdzdrZUNzdmlDMG9ZOGJnQmZHZE55djJSUTcvWUtxQjgzN1JyYXUzbWUvSFhpa3AKSEFNY0RYM0s0R2MwS0ZZRys3WGRsNXlmbUtSS0UzVEZsQ210UEdiYmJvNnI4bVNXR3AydG82UThieENIOTFoMAprWFc1MlVpbjNKNXFhOWgxVlEvV1NnaVp5SmpYdXd6eXpmNmJNcGQyUmE5bkxaYVpDa2w0cXNCQ2FIeW1mNyt2CmNhZk1XcXcrK2dlUHUrN0lMZHkrSUh5Vys1VFM4U1RlRVB0TWphbEFtQ1AwbmFPbVNmN0QrVnZBV1BMTFRHd2UKRVpyUElhcWFWK1ZmNlgyMnU5d0lTZEJReFVQcXFsT1c4d0N2Um1ZRnJhL2NRSURHMGhlbUJJd21KTXV0YnhCMApmWWN3RjA1YWlUdDZPbjVQeWhVQ0F3RUFBYU1qTUNFd0RnWURWUjBQQVFIL0JBUURBZ0trTUE4R0ExVWRFd0VCCi93UUZNQU1CQWY4d0RRWUpLb1pJaHZjTkFRRUxCUUFEZ2dFQkFMZ2RoTzc1M2NKTnVEODY0alhvK05kZjFnWk4KcEZQK1JCK0o5NGdKaDlNMHcxNnVVRlZvODVIWHgzR1ZpYjg0VVJ2SnI5a0wva09ocVd1NlVxaDNRQ05uQWJiMQptZ1h6dC9IREowUjlKcHU3Ykh0cW5HcnVPQWlPNUM1YVZRejdQWnRKTDNsRDhlSjBHc1hQcDIxYWFLem1BcDNBCmJkNUc2LzVBM0dCMld3UnhKdzNVb0NNbmdJeDEwUFFsajNZNkFqREtjNG8xNWRkTkZ3bHgyWUtHZ0pqNVBJMDMKcytSL2dBdjUwOTdIUzNwcmN5Q2RDa2NPQzNDcGVLYWcyV2o5SGQ5d3hqdTVqSzRhcnlNaW5Fb2laS2x6MkZGWQpQREJMZ1JzWC9aaTBoV2JrM3FJakFua1YyRFlUbkhKSGM3ZVF2b3NxTnphNXVXT25SZFk1Q2hmQXFMWT0KLS0tLS1FTkQgQ0VSVElGSUNBVEUtLS0tLQo=",
                            "created_at": "2019-06-06 19:30:49 +0000 UTC",
                            "enabled_cluster_log_types.#": "0",
                            "endpoint": "https://578C495CC699A7931A4E43F47821A9E4.yl4.eu-west-2.eks.amazonaws.com",
                            "id": "terraform-eks-demo",
                            "name": "terraform-eks-demo",
                            "platform_version": "eks.2",
                            "role_arn": "arn:aws:iam::870539827412:role/eks-cluster-iam-role",
                            "version": "1.12",
                            "vpc_config.#": "1",
                            "vpc_config.0.endpoint_private_access": "false",
                            "vpc_config.0.endpoint_public_access": "true",
                            "vpc_config.0.security_group_ids.#": "1",
                            "vpc_config.0.security_group_ids.18015244": "sg-0a0697854c4f43e37",
                            "vpc_config.0.subnet_ids.#": "2",
                            "vpc_config.0.subnet_ids.2048062324": "subnet-035b4157607d2d87d",
                            "vpc_config.0.subnet_ids.781784735": "subnet-03c0e2854b610d971",
                            "vpc_config.0.vpc_id": "vpc-0b7b2a1632d98a5a2"
                        },
                        "meta": {
                            "e2bfb730-ecaa-11e6-8f88-34363bc7c4c0": {
                                "create": 900000000000,
                                "delete": 900000000000,
                                "update": 3600000000000
                            }
                        },
                        "tainted": false
                    },
                    "deposed": [],
                    "provider": "provider.aws"
                },
                "aws_iam_instance_profile.node-instance-profile": {
                    "type": "aws_iam_instance_profile",
                    "depends_on": [
                        "aws_iam_role.node-iam-role"
                    ],
                    "primary": {
                        "id": "terraform-eks-instance-profile",
                        "attributes": {
                            "arn": "arn:aws:iam::870539827412:instance-profile/terraform-eks-instance-profile",
                            "create_date": "2019-06-06T19:30:36Z",
                            "id": "terraform-eks-instance-profile",
                            "name": "terraform-eks-instance-profile",
                            "path": "/",
                            "role": "eks-node-assume-role",
                            "roles.#": "1",
                            "roles.2046085394": "eks-node-assume-role",
                            "unique_id": "AIPA4VMBXTDKPC66JMS3M"
                        },
                        "meta": {},
                        "tainted": false
                    },
                    "deposed": [],
                    "provider": "provider.aws"
                },
                "aws_iam_role.cluster-iam-role": {
                    "type": "aws_iam_role",
                    "depends_on": [],
                    "primary": {
                        "id": "eks-cluster-iam-role",
                        "attributes": {
                            "arn": "arn:aws:iam::870539827412:role/eks-cluster-iam-role",
                            "assume_role_policy": "{\"Version\":\"2012-10-17\",\"Statement\":[{\"Effect\":\"Allow\",\"Principal\":{\"Service\":\"eks.amazonaws.com\"},\"Action\":\"sts:AssumeRole\"}]}",
                            "create_date": "2019-06-06T19:30:35Z",
                            "description": "",
                            "force_detach_policies": "false",
                            "id": "eks-cluster-iam-role",
                            "max_session_duration": "3600",
                            "name": "eks-cluster-iam-role",
                            "path": "/",
                            "tags.%": "0",
                            "unique_id": "AROA4VMBXTDKF63QPHNZV"
                        },
                        "meta": {},
                        "tainted": false
                    },
                    "deposed": [],
                    "provider": "provider.aws"
                },
                "aws_iam_role.eks_kubectl_role": {
                    "type": "aws_iam_role",
                    "depends_on": [
                        "data.aws_iam_policy_document.kubectl_assume_role_policy"
                    ],
                    "primary": {
                        "id": "eks-kubectl-access-role",
                        "attributes": {
                            "arn": "arn:aws:iam::870539827412:role/eks-kubectl-access-role",
                            "assume_role_policy": "{\"Version\":\"2012-10-17\",\"Statement\":[{\"Sid\":\"\",\"Effect\":\"Allow\",\"Principal\":{\"AWS\":\"arn:aws:iam::870539827412:root\"},\"Action\":\"sts:AssumeRole\"}]}",
                            "create_date": "2019-06-06T19:30:35Z",
                            "description": "",
                            "force_detach_policies": "false",
                            "id": "eks-kubectl-access-role",
                            "max_session_duration": "3600",
                            "name": "eks-kubectl-access-role",
                            "path": "/",
                            "tags.%": "0",
                            "unique_id": "AROA4VMBXTDKLBLSRI3ZX"
                        },
                        "meta": {},
                        "tainted": false
                    },
                    "deposed": [],
                    "provider": "provider.aws"
                },
                "aws_iam_role.node-iam-role": {
                    "type": "aws_iam_role",
                    "depends_on": [],
                    "primary": {
                        "id": "eks-node-assume-role",
                        "attributes": {
                            "arn": "arn:aws:iam::870539827412:role/eks-node-assume-role",
                            "assume_role_policy": "{\"Version\":\"2012-10-17\",\"Statement\":[{\"Effect\":\"Allow\",\"Principal\":{\"Service\":\"ec2.amazonaws.com\"},\"Action\":\"sts:AssumeRole\"}]}",
                            "create_date": "2019-06-06T19:30:35Z",
                            "description": "",
                            "force_detach_policies": "false",
                            "id": "eks-node-assume-role",
                            "max_session_duration": "3600",
                            "name": "eks-node-assume-role",
                            "path": "/",
                            "tags.%": "0",
                            "unique_id": "AROA4VMBXTDKKOMQBLSZD"
                        },
                        "meta": {},
                        "tainted": false
                    },
                    "deposed": [],
                    "provider": "provider.aws"
                },
                "aws_iam_role_policy_attachment.cluster-AmazonEKSClusterPolicy": {
                    "type": "aws_iam_role_policy_attachment",
                    "depends_on": [
                        "aws_iam_role.cluster-iam-role"
                    ],
                    "primary": {
                        "id": "eks-cluster-iam-role-20190606193036328300000006",
                        "attributes": {
                            "id": "eks-cluster-iam-role-20190606193036328300000006",
                            "policy_arn": "arn:aws:iam::aws:policy/AmazonEKSClusterPolicy",
                            "role": "eks-cluster-iam-role"
                        },
                        "meta": {},
                        "tainted": false
                    },
                    "deposed": [],
                    "provider": "provider.aws"
                },
                "aws_iam_role_policy_attachment.cluster-AmazonEKSServicePolicy": {
                    "type": "aws_iam_role_policy_attachment",
                    "depends_on": [
                        "aws_iam_role.cluster-iam-role"
                    ],
                    "primary": {
                        "id": "eks-cluster-iam-role-20190606193036258300000002",
                        "attributes": {
                            "id": "eks-cluster-iam-role-20190606193036258300000002",
                            "policy_arn": "arn:aws:iam::aws:policy/AmazonEKSServicePolicy",
                            "role": "eks-cluster-iam-role"
                        },
                        "meta": {},
                        "tainted": false
                    },
                    "deposed": [],
                    "provider": "provider.aws"
                },
                "aws_iam_role_policy_attachment.eks_kubectl-AmazonEKSClusterPolicy": {
                    "type": "aws_iam_role_policy_attachment",
                    "depends_on": [
                        "aws_iam_role.eks_kubectl_role"
                    ],
                    "primary": {
                        "id": "eks-kubectl-access-role-20190606193036305300000005",
                        "attributes": {
                            "id": "eks-kubectl-access-role-20190606193036305300000005",
                            "policy_arn": "arn:aws:iam::aws:policy/AmazonEKSClusterPolicy",
                            "role": "eks-kubectl-access-role"
                        },
                        "meta": {},
                        "tainted": false
                    },
                    "deposed": [],
                    "provider": "provider.aws"
                },
                "aws_iam_role_policy_attachment.eks_kubectl-AmazonEKSServicePolicy": {
                    "type": "aws_iam_role_policy_attachment",
                    "depends_on": [
                        "aws_iam_role.eks_kubectl_role"
                    ],
                    "primary": {
                        "id": "eks-kubectl-access-role-20190606193036268300000003",
                        "attributes": {
                            "id": "eks-kubectl-access-role-20190606193036268300000003",
                            "policy_arn": "arn:aws:iam::aws:policy/AmazonEKSServicePolicy",
                            "role": "eks-kubectl-access-role"
                        },
                        "meta": {},
                        "tainted": false
                    },
                    "deposed": [],
                    "provider": "provider.aws"
                },
                "aws_iam_role_policy_attachment.eks_kubectl-AmazonEKSWorkerNodePolicy": {
                    "type": "aws_iam_role_policy_attachment",
                    "depends_on": [
                        "aws_iam_role.eks_kubectl_role"
                    ],
                    "primary": {
                        "id": "eks-kubectl-access-role-20190606193036250300000001",
                        "attributes": {
                            "id": "eks-kubectl-access-role-20190606193036250300000001",
                            "policy_arn": "arn:aws:iam::aws:policy/AmazonEKSWorkerNodePolicy",
                            "role": "eks-kubectl-access-role"
                        },
                        "meta": {},
                        "tainted": false
                    },
                    "deposed": [],
                    "provider": "provider.aws"
                },
                "aws_iam_role_policy_attachment.node-AmazonEC2ContainerRegistryReadOnly": {
                    "type": "aws_iam_role_policy_attachment",
                    "depends_on": [
                        "aws_iam_role.node-iam-role"
                    ],
                    "primary": {
                        "id": "eks-node-assume-role-20190606193037229700000007",
                        "attributes": {
                            "id": "eks-node-assume-role-20190606193037229700000007",
                            "policy_arn": "arn:aws:iam::aws:policy/AmazonEC2ContainerRegistryReadOnly",
                            "role": "eks-node-assume-role"
                        },
                        "meta": {},
                        "tainted": false
                    },
                    "deposed": [],
                    "provider": "provider.aws"
                },
                "aws_iam_role_policy_attachment.node-AmazonEKSWorkerNodePolicy": {
                    "type": "aws_iam_role_policy_attachment",
                    "depends_on": [
                        "aws_iam_role.node-iam-role"
                    ],
                    "primary": {
                        "id": "eks-node-assume-role-20190606193037269700000008",
                        "attributes": {
                            "id": "eks-node-assume-role-20190606193037269700000008",
                            "policy_arn": "arn:aws:iam::aws:policy/AmazonEKSWorkerNodePolicy",
                            "role": "eks-node-assume-role"
                        },
                        "meta": {},
                        "tainted": false
                    },
                    "deposed": [],
                    "provider": "provider.aws"
                },
                "aws_iam_role_policy_attachment.node-AmazonEKS_CNI_Policy": {
                    "type": "aws_iam_role_policy_attachment",
                    "depends_on": [
                        "aws_iam_role.node-iam-role"
                    ],
                    "primary": {
                        "id": "eks-node-assume-role-20190606193036286300000004",
                        "attributes": {
                            "id": "eks-node-assume-role-20190606193036286300000004",
                            "policy_arn": "arn:aws:iam::aws:policy/AmazonEKS_CNI_Policy",
                            "role": "eks-node-assume-role"
                        },
                        "meta": {},
                        "tainted": false
                    },
                    "deposed": [],
                    "provider": "provider.aws"
                },
                "aws_internet_gateway.igw": {
                    "type": "aws_internet_gateway",
                    "depends_on": [
                        "aws_vpc.ssp-vpc"
                    ],
                    "primary": {
                        "id": "igw-0bf2f0f17be65ea83",
                        "attributes": {
                            "id": "igw-0bf2f0f17be65ea83",
                            "owner_id": "870539827412",
                            "tags.%": "1",
                            "tags.Name": "terraform-eks",
                            "vpc_id": "vpc-0b7b2a1632d98a5a2"
                        },
                        "meta": {},
                        "tainted": false
                    },
                    "deposed": [],
                    "provider": "provider.aws"
                },
                "aws_launch_configuration.launch-config": {
                    "type": "aws_launch_configuration",
                    "depends_on": [
                        "aws_iam_instance_profile.node-instance-profile",
                        "aws_security_group.node-security-group",
                        "data.aws_ami.eks-worker",
                        "local.node-userdata"
                    ],
                    "primary": {
                        "id": "terraform-eks20190606193928453300000009",
                        "attributes": {
                            "associate_public_ip_address": "true",
                            "ebs_block_device.#": "0",
                            "ebs_optimized": "false",
                            "enable_monitoring": "true",
                            "ephemeral_block_device.#": "0",
                            "iam_instance_profile": "terraform-eks-instance-profile",
                            "id": "terraform-eks20190606193928453300000009",
                            "image_id": "ami-0c7388116d474ee10",
                            "instance_type": "t2.micro",
                            "key_name": "",
                            "name": "terraform-eks20190606193928453300000009",
                            "name_prefix": "terraform-eks",
                            "root_block_device.#": "0",
                            "security_groups.#": "1",
                            "security_groups.1869887854": "sg-05c6fd3c99592c2af",
                            "spot_price": "",
                            "user_data_base64": "IyEvYmluL2Jhc2gKc2V0IC1vIHh0cmFjZQovZXRjL2Vrcy9ib290c3RyYXAuc2ggLS1hcGlzZXJ2ZXItZW5kcG9pbnQgJ2h0dHBzOi8vNTc4QzQ5NUNDNjk5QTc5MzFBNEU0M0Y0NzgyMUE5RTQueWw0LmV1LXdlc3QtMi5la3MuYW1hem9uYXdzLmNvbScgLS1iNjQtY2x1c3Rlci1jYSAnTFMwdExTMUNSVWRKVGlCRFJWSlVTVVpKUTBGVVJTMHRMUzB0Q2sxSlNVTjVSRU5EUVdKRFowRjNTVUpCWjBsQ1FVUkJUa0puYTNGb2EybEhPWGN3UWtGUmMwWkJSRUZXVFZKTmQwVlJXVVJXVVZGRVJYZHdjbVJYU213S1kyMDFiR1JIVm5wTlFqUllSRlJGTlUxRVdYZE9ha1UxVFhwamQwMUdiMWhFVkVrMVRVUlpkMDE2UlRWTmVtTjNUVVp2ZDBaVVJWUk5Ra1ZIUVRGVlJRcEJlRTFMWVROV2FWcFlTblZhV0ZKc1kzcERRMEZUU1hkRVVWbEtTMjlhU1doMlkwNUJVVVZDUWxGQlJHZG5SVkJCUkVORFFWRnZRMmRuUlVKQlRUbE1DbFl5YUROdVNEaGFSVWh2WkhWWFdtZGpkemRyWlVOemRtbERNRzlaT0dKblFtWkhaRTU1ZGpKU1VUY3ZXVXR4UWpnek4xSnlZWFV6YldVdlNGaHBhM0FLU0VGTlkwUllNMHMwUjJNd1MwWlpSeXMzV0dSc05YbG1iVXRTUzBVelZFWnNRMjEwVUVkaVltSnZObkk0YlZOWFIzQXlkRzgyVVRoaWVFTklPVEZvTUFwcldGYzFNbFZwYmpOS05YRmhPV2d4VmxFdlYxTm5hVnA1U21wWWRYZDZlWHBtTm1KTmNHUXlVbUU1Ymt4YVlWcERhMncwY1hOQ1EyRkllVzFtTnl0MkNtTmhaazFYY1hjcksyZGxVSFVyTjBsTVpIa3JTVWg1VnlzMVZGTTRVMVJsUlZCMFRXcGhiRUZ0UTFBd2JtRlBiVk5tTjBRclZuWkJWMUJNVEZSSGQyVUtSVnB5VUVsaGNXRldLMVptTmxneU1uVTVkMGxUWkVKUmVGVlFjWEZzVDFjNGQwTjJVbTFaUm5KaEwyTlJTVVJITUdobGJVSkpkMjFLVFhWMFluaENNQXBtV1dOM1JqQTFZV2xVZERaUGJqVlFlV2hWUTBGM1JVRkJZVTFxVFVORmQwUm5XVVJXVWpCUVFWRklMMEpCVVVSQlowdHJUVUU0UjBFeFZXUkZkMFZDQ2k5M1VVWk5RVTFDUVdZNGQwUlJXVXBMYjFwSmFIWmpUa0ZSUlV4Q1VVRkVaMmRGUWtGTVoyUm9UemMxTTJOS1RuVkVPRFkwYWxodkswNWtaakZuV2s0S2NFWlFLMUpDSzBvNU5HZEthRGxOTUhjeE5uVlZSbFp2T0RWSVdIZ3pSMVpwWWpnMFZWSjJTbkk1YTB3dmEwOW9jVmQxTmxWeGFETlJRMDV1UVdKaU1RcHRaMWg2ZEM5SVJFb3dVamxLY0hVM1lraDBjVzVIY25WUFFXbFBOVU0xWVZaUmVqZFFXblJLVEROc1JEaGxTakJIYzFoUWNESXhZV0ZMZW0xQmNETkJDbUprTlVjMkx6VkJNMGRDTWxkM1VuaEtkek5WYjBOTmJtZEplREV3VUZGc2FqTlpOa0ZxUkV0ak5HOHhOV1JrVGtaM2JIZ3lXVXRIWjBwcU5WQkpNRE1LY3l0U0wyZEJkalV3T1RkSVV6TndjbU41UTJSRGEyTlBRek5EY0dWTFlXY3lWMm81U0dRNWQzaHFkVFZxU3pSaGNubE5hVzVGYjJsYVMyeDZNa1pHV1FwUVJFSk1aMUp6V0M5YWFUQm9WMkpyTTNGSmFrRnVhMVl5UkZsVWJraEtTR00zWlZGMmIzTnhUbnBoTlhWWFQyNVNaRmsxUTJobVFYRk1XVDBLTFMwdExTMUZUa1FnUTBWU1ZFbEdTVU5CVkVVdExTMHRMUW89JyAndGVycmFmb3JtLWVrcy1kZW1vJwo=",
                            "vpc_classic_link_id": "",
                            "vpc_classic_link_security_groups.#": "0"
                        },
                        "meta": {},
                        "tainted": false
                    },
                    "deposed": [],
                    "provider": "provider.aws"
                },
                "aws_route_table.rtb": {
                    "type": "aws_route_table",
                    "depends_on": [
                        "aws_internet_gateway.igw",
                        "aws_vpc.ssp-vpc"
                    ],
                    "primary": {
                        "id": "rtb-03bbb5c75537f2460",
                        "attributes": {
                            "id": "rtb-03bbb5c75537f2460",
                            "owner_id": "870539827412",
                            "propagating_vgws.#": "0",
                            "route.#": "1",
                            "route.1115972847.cidr_block": "0.0.0.0/0",
                            "route.1115972847.egress_only_gateway_id": "",
                            "route.1115972847.gateway_id": "igw-0bf2f0f17be65ea83",
                            "route.1115972847.instance_id": "",
                            "route.1115972847.ipv6_cidr_block": "",
                            "route.1115972847.nat_gateway_id": "",
                            "route.1115972847.network_interface_id": "",
                            "route.1115972847.transit_gateway_id": "",
                            "route.1115972847.vpc_peering_connection_id": "",
                            "tags.%": "0",
                            "vpc_id": "vpc-0b7b2a1632d98a5a2"
                        },
                        "meta": {},
                        "tainted": false
                    },
                    "deposed": [],
                    "provider": "provider.aws"
                },
                "aws_route_table_association.rtb-association.0": {
                    "type": "aws_route_table_association",
                    "depends_on": [
                        "aws_route_table.rtb",
                        "aws_subnet.ssp-subnets.*"
                    ],
                    "primary": {
                        "id": "rtbassoc-0cea8e33802301557",
                        "attributes": {
                            "id": "rtbassoc-0cea8e33802301557",
                            "route_table_id": "rtb-03bbb5c75537f2460",
                            "subnet_id": "subnet-035b4157607d2d87d"
                        },
                        "meta": {},
                        "tainted": false
                    },
                    "deposed": [],
                    "provider": "provider.aws"
                },
                "aws_route_table_association.rtb-association.1": {
                    "type": "aws_route_table_association",
                    "depends_on": [
                        "aws_route_table.rtb",
                        "aws_subnet.ssp-subnets.*"
                    ],
                    "primary": {
                        "id": "rtbassoc-06358212578eceba8",
                        "attributes": {
                            "id": "rtbassoc-06358212578eceba8",
                            "route_table_id": "rtb-03bbb5c75537f2460",
                            "subnet_id": "subnet-03c0e2854b610d971"
                        },
                        "meta": {},
                        "tainted": false
                    },
                    "deposed": [],
                    "provider": "provider.aws"
                },
                "aws_s3_bucket.website": {
                    "type": "aws_s3_bucket",
                    "depends_on": [
                        "data.aws_iam_policy_document.s3_policy"
                    ],
                    "primary": {
                        "id": "ssp-test-bucket-for-uploading-to-json",
                        "attributes": {
                            "acceleration_status": "",
                            "acl": "public-read",
                            "arn": "arn:aws:s3:::ssp-test-bucket-for-uploading-to-json",
                            "bucket": "ssp-test-bucket-for-uploading-to-json",
                            "bucket_domain_name": "ssp-test-bucket-for-uploading-to-json.s3.amazonaws.com",
                            "bucket_regional_domain_name": "ssp-test-bucket-for-uploading-to-json.s3.eu-west-2.amazonaws.com",
                            "cors_rule.#": "0",
                            "force_destroy": "false",
                            "hosted_zone_id": "Z3GKZC51ZF0DB4",
                            "id": "ssp-test-bucket-for-uploading-to-json",
                            "lifecycle_rule.#": "0",
                            "logging.#": "0",
                            "object_lock_configuration.#": "0",
                            "policy": "{\"Statement\":[{\"Action\":\"s3:GetObject\",\"Condition\":{\"IpAddress\":{\"aws:SourceIp\":\"0.0.0.0/0\"}},\"Effect\":\"Allow\",\"Principal\":{\"AWS\":\"*\"},\"Resource\":\"arn:aws:s3:::ssp-test-bucket-for-uploading-to-json/*\",\"Sid\":\"PublicReadForGetBucketObjects\"}],\"Version\":\"2012-10-17\"}",
                            "region": "eu-west-2",
                            "replication_configuration.#": "0",
                            "request_payer": "BucketOwner",
                            "server_side_encryption_configuration.#": "0",
                            "tags.%": "0",
                            "versioning.#": "1",
                            "versioning.0.enabled": "false",
                            "versioning.0.mfa_delete": "false",
                            "website.#": "1",
                            "website.0.error_document": "error.html",
                            "website.0.index_document": "index.html",
                            "website.0.redirect_all_requests_to": "",
                            "website.0.routing_rules": "",
                            "website_domain": "s3-website.eu-west-2.amazonaws.com",
                            "website_endpoint": "ssp-test-bucket-for-uploading-to-json.s3-website.eu-west-2.amazonaws.com"
                        },
                        "meta": {},
                        "tainted": false
                    },
                    "deposed": [],
                    "provider": "provider.aws"
                },
                "aws_s3_bucket.website_redirect": {
                    "type": "aws_s3_bucket",
                    "depends_on": [],
                    "primary": {
                        "id": "www.ssp-test-bucket-for-uploading-to-json",
                        "attributes": {
                            "acceleration_status": "",
                            "acl": "public-read",
                            "arn": "arn:aws:s3:::www.ssp-test-bucket-for-uploading-to-json",
                            "bucket": "www.ssp-test-bucket-for-uploading-to-json",
                            "bucket_domain_name": "www.ssp-test-bucket-for-uploading-to-json.s3.amazonaws.com",
                            "bucket_regional_domain_name": "www.ssp-test-bucket-for-uploading-to-json.s3.eu-west-2.amazonaws.com",
                            "cors_rule.#": "0",
                            "force_destroy": "false",
                            "hosted_zone_id": "Z3GKZC51ZF0DB4",
                            "id": "www.ssp-test-bucket-for-uploading-to-json",
                            "lifecycle_rule.#": "0",
                            "logging.#": "0",
                            "object_lock_configuration.#": "0",
                            "region": "eu-west-2",
                            "replication_configuration.#": "0",
                            "request_payer": "BucketOwner",
                            "server_side_encryption_configuration.#": "0",
                            "tags.%": "0",
                            "versioning.#": "1",
                            "versioning.0.enabled": "false",
                            "versioning.0.mfa_delete": "false",
                            "website.#": "1",
                            "website.0.error_document": "",
                            "website.0.index_document": "",
                            "website.0.redirect_all_requests_to": "ssp-test-bucket-for-uploading-to-json",
                            "website.0.routing_rules": "",
                            "website_domain": "s3-website.eu-west-2.amazonaws.com",
                            "website_endpoint": "www.ssp-test-bucket-for-uploading-to-json.s3-website.eu-west-2.amazonaws.com"
                        },
                        "meta": {},
                        "tainted": false
                    },
                    "deposed": [],
                    "provider": "provider.aws"
                },
                "aws_security_group.cluster-security-group": {
                    "type": "aws_security_group",
                    "depends_on": [
                        "aws_vpc.ssp-vpc"
                    ],
                    "primary": {
                        "id": "sg-0a0697854c4f43e37",
                        "attributes": {
                            "arn": "arn:aws:ec2:eu-west-2:870539827412:security-group/sg-0a0697854c4f43e37",
                            "description": "Cluster communication with worker nodes",
                            "egress.#": "1",
                            "egress.482069346.cidr_blocks.#": "1",
                            "egress.482069346.cidr_blocks.0": "0.0.0.0/0",
                            "egress.482069346.description": "",
                            "egress.482069346.from_port": "0",
                            "egress.482069346.ipv6_cidr_blocks.#": "0",
                            "egress.482069346.prefix_list_ids.#": "0",
                            "egress.482069346.protocol": "-1",
                            "egress.482069346.security_groups.#": "0",
                            "egress.482069346.self": "false",
                            "egress.482069346.to_port": "0",
                            "id": "sg-0a0697854c4f43e37",
                            "ingress.#": "1",
                            "ingress.1272000109.cidr_blocks.#": "0",
                            "ingress.1272000109.description": "Allow pods to communicate with the cluster API Server",
                            "ingress.1272000109.from_port": "443",
                            "ingress.1272000109.ipv6_cidr_blocks.#": "0",
                            "ingress.1272000109.prefix_list_ids.#": "0",
                            "ingress.1272000109.protocol": "tcp",
                            "ingress.1272000109.security_groups.#": "1",
                            "ingress.1272000109.security_groups.1869887854": "sg-05c6fd3c99592c2af",
                            "ingress.1272000109.self": "false",
                            "ingress.1272000109.to_port": "443",
                            "name": "terraform-eks-cluster",
                            "owner_id": "870539827412",
                            "revoke_rules_on_delete": "false",
                            "tags.%": "1",
                            "tags.Name": "terraform-eks",
                            "vpc_id": "vpc-0b7b2a1632d98a5a2"
                        },
                        "meta": {
                            "e2bfb730-ecaa-11e6-8f88-34363bc7c4c0": {
                                "create": 600000000000,
                                "delete": 600000000000
                            },
                            "schema_version": "1"
                        },
                        "tainted": false
                    },
                    "deposed": [],
                    "provider": "provider.aws"
                },
                "aws_security_group.node-security-group": {
                    "type": "aws_security_group",
                    "depends_on": [
                        "aws_vpc.ssp-vpc"
                    ],
                    "primary": {
                        "id": "sg-05c6fd3c99592c2af",
                        "attributes": {
                            "arn": "arn:aws:ec2:eu-west-2:870539827412:security-group/sg-05c6fd3c99592c2af",
                            "description": "Security group for all nodes in the cluster",
                            "egress.#": "1",
                            "egress.482069346.cidr_blocks.#": "1",
                            "egress.482069346.cidr_blocks.0": "0.0.0.0/0",
                            "egress.482069346.description": "",
                            "egress.482069346.from_port": "0",
                            "egress.482069346.ipv6_cidr_blocks.#": "0",
                            "egress.482069346.prefix_list_ids.#": "0",
                            "egress.482069346.protocol": "-1",
                            "egress.482069346.security_groups.#": "0",
                            "egress.482069346.self": "false",
                            "egress.482069346.to_port": "0",
                            "id": "sg-05c6fd3c99592c2af",
                            "ingress.#": "2",
                            "ingress.1042185685.cidr_blocks.#": "0",
                            "ingress.1042185685.description": "Allow worker Kubelets and pods to receive communication from the cluster control plane",
                            "ingress.1042185685.from_port": "1025",
                            "ingress.1042185685.ipv6_cidr_blocks.#": "0",
                            "ingress.1042185685.prefix_list_ids.#": "0",
                            "ingress.1042185685.protocol": "tcp",
                            "ingress.1042185685.security_groups.#": "1",
                            "ingress.1042185685.security_groups.912978565": "sg-0a0697854c4f43e37",
                            "ingress.1042185685.self": "false",
                            "ingress.1042185685.to_port": "65535",
                            "ingress.2016277465.cidr_blocks.#": "0",
                            "ingress.2016277465.description": "Allow node to communicate with each other",
                            "ingress.2016277465.from_port": "0",
                            "ingress.2016277465.ipv6_cidr_blocks.#": "0",
                            "ingress.2016277465.prefix_list_ids.#": "0",
                            "ingress.2016277465.protocol": "-1",
                            "ingress.2016277465.security_groups.#": "0",
                            "ingress.2016277465.self": "true",
                            "ingress.2016277465.to_port": "0",
                            "name": "terraform-eks-node",
                            "owner_id": "870539827412",
                            "revoke_rules_on_delete": "false",
                            "tags.%": "2",
                            "tags.Name": "terraform-eks-node",
                            "tags.kubernetes.io/cluster/terraform-eks-demo": "owned",
                            "vpc_id": "vpc-0b7b2a1632d98a5a2"
                        },
                        "meta": {
                            "e2bfb730-ecaa-11e6-8f88-34363bc7c4c0": {
                                "create": 600000000000,
                                "delete": 600000000000
                            },
                            "schema_version": "1"
                        },
                        "tainted": false
                    },
                    "deposed": [],
                    "provider": "provider.aws"
                },
                "aws_security_group_rule.cluster-ingress-node-https": {
                    "type": "aws_security_group_rule",
                    "depends_on": [
                        "aws_security_group.cluster-security-group",
                        "aws_security_group.node-security-group"
                    ],
                    "primary": {
                        "id": "sgrule-1079330151",
                        "attributes": {
                            "cidr_blocks.#": "0",
                            "description": "Allow pods to communicate with the cluster API Server",
                            "from_port": "443",
                            "id": "sgrule-1079330151",
                            "ipv6_cidr_blocks.#": "0",
                            "prefix_list_ids.#": "0",
                            "protocol": "tcp",
                            "security_group_id": "sg-0a0697854c4f43e37",
                            "self": "false",
                            "source_security_group_id": "sg-05c6fd3c99592c2af",
                            "to_port": "443",
                            "type": "ingress"
                        },
                        "meta": {
                            "schema_version": "2"
                        },
                        "tainted": false
                    },
                    "deposed": [],
                    "provider": "provider.aws"
                },
                "aws_security_group_rule.node-ingress-cluster": {
                    "type": "aws_security_group_rule",
                    "depends_on": [
                        "aws_security_group.cluster-security-group",
                        "aws_security_group.node-security-group"
                    ],
                    "primary": {
                        "id": "sgrule-1759662259",
                        "attributes": {
                            "cidr_blocks.#": "0",
                            "description": "Allow worker Kubelets and pods to receive communication from the cluster control plane",
                            "from_port": "1025",
                            "id": "sgrule-1759662259",
                            "ipv6_cidr_blocks.#": "0",
                            "prefix_list_ids.#": "0",
                            "protocol": "tcp",
                            "security_group_id": "sg-05c6fd3c99592c2af",
                            "self": "false",
                            "source_security_group_id": "sg-0a0697854c4f43e37",
                            "to_port": "65535",
                            "type": "ingress"
                        },
                        "meta": {
                            "schema_version": "2"
                        },
                        "tainted": false
                    },
                    "deposed": [],
                    "provider": "provider.aws"
                },
                "aws_security_group_rule.node-ingress-self": {
                    "type": "aws_security_group_rule",
                    "depends_on": [
                        "aws_security_group.node-security-group"
                    ],
                    "primary": {
                        "id": "sgrule-399403138",
                        "attributes": {
                            "cidr_blocks.#": "0",
                            "description": "Allow node to communicate with each other",
                            "from_port": "0",
                            "id": "sgrule-399403138",
                            "ipv6_cidr_blocks.#": "0",
                            "prefix_list_ids.#": "0",
                            "protocol": "-1",
                            "security_group_id": "sg-05c6fd3c99592c2af",
                            "self": "false",
                            "source_security_group_id": "sg-05c6fd3c99592c2af",
                            "to_port": "0",
                            "type": "ingress"
                        },
                        "meta": {
                            "schema_version": "2"
                        },
                        "tainted": false
                    },
                    "deposed": [],
                    "provider": "provider.aws"
                },
                "aws_subnet.ssp-subnets.0": {
                    "type": "aws_subnet",
                    "depends_on": [
                        "aws_vpc.ssp-vpc",
                        "data.aws_availability_zones.available"
                    ],
                    "primary": {
                        "id": "subnet-035b4157607d2d87d",
                        "attributes": {
                            "arn": "arn:aws:ec2:eu-west-2:870539827412:subnet/subnet-035b4157607d2d87d",
                            "assign_ipv6_address_on_creation": "false",
                            "availability_zone": "eu-west-2a",
                            "availability_zone_id": "euw2-az2",
                            "cidr_block": "10.0.0.0/24",
                            "id": "subnet-035b4157607d2d87d",
                            "ipv6_cidr_block": "",
                            "ipv6_cidr_block_association_id": "",
                            "map_public_ip_on_launch": "true",
                            "owner_id": "870539827412",
                            "tags.%": "2",
                            "tags.Name": "terraform-eks-node",
                            "tags.kubernetes.io/cluster/terraform-eks-demo": "shared",
                            "vpc_id": "vpc-0b7b2a1632d98a5a2"
                        },
                        "meta": {
                            "e2bfb730-ecaa-11e6-8f88-34363bc7c4c0": {
                                "create": 600000000000,
                                "delete": 600000000000
                            },
                            "schema_version": "1"
                        },
                        "tainted": false
                    },
                    "deposed": [],
                    "provider": "provider.aws"
                },
                "aws_subnet.ssp-subnets.1": {
                    "type": "aws_subnet",
                    "depends_on": [
                        "aws_vpc.ssp-vpc",
                        "data.aws_availability_zones.available"
                    ],
                    "primary": {
                        "id": "subnet-03c0e2854b610d971",
                        "attributes": {
                            "arn": "arn:aws:ec2:eu-west-2:870539827412:subnet/subnet-03c0e2854b610d971",
                            "assign_ipv6_address_on_creation": "false",
                            "availability_zone": "eu-west-2b",
                            "availability_zone_id": "euw2-az3",
                            "cidr_block": "10.0.1.0/24",
                            "id": "subnet-03c0e2854b610d971",
                            "ipv6_cidr_block": "",
                            "ipv6_cidr_block_association_id": "",
                            "map_public_ip_on_launch": "true",
                            "owner_id": "870539827412",
                            "tags.%": "2",
                            "tags.Name": "terraform-eks-node",
                            "tags.kubernetes.io/cluster/terraform-eks-demo": "shared",
                            "vpc_id": "vpc-0b7b2a1632d98a5a2"
                        },
                        "meta": {
                            "e2bfb730-ecaa-11e6-8f88-34363bc7c4c0": {
                                "create": 600000000000,
                                "delete": 600000000000
                            },
                            "schema_version": "1"
                        },
                        "tainted": false
                    },
                    "deposed": [],
                    "provider": "provider.aws"
                },
                "aws_vpc.ssp-vpc": {
                    "type": "aws_vpc",
                    "depends_on": [],
                    "primary": {
                        "id": "vpc-0b7b2a1632d98a5a2",
                        "attributes": {
                            "arn": "arn:aws:ec2:eu-west-2:870539827412:vpc/vpc-0b7b2a1632d98a5a2",
                            "assign_generated_ipv6_cidr_block": "false",
                            "cidr_block": "10.0.0.0/16",
                            "default_network_acl_id": "acl-08f67fc5c2f88bc94",
                            "default_route_table_id": "rtb-03ae2db8f29894e51",
                            "default_security_group_id": "sg-068dcf813fee8b376",
                            "dhcp_options_id": "dopt-93e32bfa",
                            "enable_dns_hostnames": "false",
                            "enable_dns_support": "true",
                            "id": "vpc-0b7b2a1632d98a5a2",
                            "instance_tenancy": "default",
                            "ipv6_association_id": "",
                            "ipv6_cidr_block": "",
                            "main_route_table_id": "rtb-03ae2db8f29894e51",
                            "owner_id": "870539827412",
                            "tags.%": "2",
                            "tags.Name": "terraform-eks-node",
                            "tags.kubernetes.io/cluster/terraform-eks-demo": "shared"
                        },
                        "meta": {
                            "schema_version": "1"
                        },
                        "tainted": false
                    },
                    "deposed": [],
                    "provider": "provider.aws"
                },
                "data.aws_ami.eks-worker": {
                    "type": "aws_ami",
                    "depends_on": [
                        "aws_eks_cluster.ssp-cluster"
                    ],
                    "primary": {
                        "id": "ami-0c7388116d474ee10",
                        "attributes": {
                            "architecture": "x86_64",
                            "block_device_mappings.#": "1",
                            "block_device_mappings.496044639.device_name": "/dev/xvda",
                            "block_device_mappings.496044639.ebs.%": "6",
                            "block_device_mappings.496044639.ebs.delete_on_termination": "true",
                            "block_device_mappings.496044639.ebs.encrypted": "false",
                            "block_device_mappings.496044639.ebs.iops": "0",
                            "block_device_mappings.496044639.ebs.snapshot_id": "snap-0cace1e28d114ad5b",
                            "block_device_mappings.496044639.ebs.volume_size": "20",
                            "block_device_mappings.496044639.ebs.volume_type": "gp2",
                            "block_device_mappings.496044639.no_device": "",
                            "block_device_mappings.496044639.virtual_name": "",
                            "creation_date": "2019-03-30T00:33:04.000Z",
                            "description": "EKS Kubernetes Worker AMI with AmazonLinux2 image (k8s: 1.12.7/2019-03-27/bin/linux/amd64, docker:18.06)",
                            "filter.#": "1",
                            "filter.836239344.name": "name",
                            "filter.836239344.values.#": "1",
                            "filter.836239344.values.0": "amazon-eks-node-1.12-v*",
                            "hypervisor": "xen",
                            "id": "ami-0c7388116d474ee10",
                            "image_id": "ami-0c7388116d474ee10",
                            "image_location": "amazon/amazon-eks-node-1.12-v20190329",
                            "image_owner_alias": "amazon",
                            "image_type": "machine",
                            "most_recent": "true",
                            "name": "amazon-eks-node-1.12-v20190329",
                            "owner_id": "602401143452",
                            "owners.#": "1",
                            "owners.0": "602401143452",
                            "product_codes.#": "0",
                            "public": "true",
                            "root_device_name": "/dev/xvda",
                            "root_device_type": "ebs",
                            "root_snapshot_id": "snap-0cace1e28d114ad5b",
                            "sriov_net_support": "simple",
                            "state": "available",
                            "state_reason.%": "2",
                            "state_reason.code": "UNSET",
                            "state_reason.message": "UNSET",
                            "tags.%": "0",
                            "virtualization_type": "hvm"
                        },
                        "meta": {},
                        "tainted": false
                    },
                    "deposed": [],
                    "provider": "provider.aws"
                },
                "data.aws_availability_zones.available": {
                    "type": "aws_availability_zones",
                    "depends_on": [],
                    "primary": {
                        "id": "2019-06-06 20:19:56.7535212 +0000 UTC",
                        "attributes": {
                            "id": "2019-06-06 20:19:56.7535212 +0000 UTC",
                            "names.#": "3",
                            "names.0": "eu-west-2a",
                            "names.1": "eu-west-2b",
                            "names.2": "eu-west-2c",
                            "zone_ids.#": "3",
                            "zone_ids.0": "euw2-az2",
                            "zone_ids.1": "euw2-az3",
                            "zone_ids.2": "euw2-az1"
                        },
                        "meta": {},
                        "tainted": false
                    },
                    "deposed": [],
                    "provider": "provider.aws"
                },
                "data.aws_eks_cluster_auth.cluster_auth": {
                    "type": "aws_eks_cluster_auth",
                    "depends_on": [],
                    "primary": {
                        "id": "2019-06-06 20:19:56.7475236 +0000 UTC",
                        "attributes": {
                            "id": "2019-06-06 20:19:56.7475236 +0000 UTC",
                            "name": "terraform-eks-demo",
                            "token": "k8s-aws-v1.aHR0cHM6Ly9zdHMuYW1hem9uYXdzLmNvbS8_QWN0aW9uPUdldENhbGxlcklkZW50aXR5JlZlcnNpb249MjAxMS0wNi0xNSZYLUFtei1BbGdvcml0aG09QVdTNC1ITUFDLVNIQTI1NiZYLUFtei1DcmVkZW50aWFsPUFLSUFJNlczSDdBNUlVTUNZWk1RJTJGMjAxOTA2MDYlMkZ1cy1lYXN0LTElMkZzdHMlMkZhd3M0X3JlcXVlc3QmWC1BbXotRGF0ZT0yMDE5MDYwNlQyMDE5NTZaJlgtQW16LUV4cGlyZXM9MCZYLUFtei1TaWduZWRIZWFkZXJzPWhvc3QlM0J4LWs4cy1hd3MtaWQmWC1BbXotU2lnbmF0dXJlPTYzN2U1NGIzYjViMzg5MTA2MmY5OWI4YmEyZjJjOGYxMmM3ZDdjYjk0MzE3YzM4NDgyNjJlZjc0YmYzNjM3NTY"
                        },
                        "meta": {},
                        "tainted": false
                    },
                    "deposed": [],
                    "provider": "provider.aws"
                },
                "data.aws_iam_policy_document.kubectl_assume_role_policy": {
                    "type": "aws_iam_policy_document",
                    "depends_on": [],
                    "primary": {
                        "id": "27491094",
                        "attributes": {
                            "id": "27491094",
                            "json": "{\n  \"Version\": \"2012-10-17\",\n  \"Statement\": [\n    {\n      \"Sid\": \"\",\n      \"Effect\": \"Allow\",\n      \"Action\": \"sts:AssumeRole\",\n      \"Principal\": {\n        \"AWS\": \"arn:aws:iam::870539827412:root\"\n      }\n    }\n  ]\n}",
                            "statement.#": "1",
                            "statement.0.actions.#": "1",
                            "statement.0.actions.1766500957": "sts:AssumeRole",
                            "statement.0.condition.#": "0",
                            "statement.0.effect": "Allow",
                            "statement.0.not_actions.#": "0",
                            "statement.0.not_principals.#": "0",
                            "statement.0.not_resources.#": "0",
                            "statement.0.principals.#": "1",
                            "statement.0.principals.791093581.identifiers.#": "1",
                            "statement.0.principals.791093581.identifiers.1428967673": "arn:aws:iam::870539827412:root",
                            "statement.0.principals.791093581.type": "AWS",
                            "statement.0.resources.#": "0",
                            "statement.0.sid": "",
                            "version": "2012-10-17"
                        },
                        "meta": {},
                        "tainted": false
                    },
                    "deposed": [],
                    "provider": "provider.aws"
                },
                "data.aws_iam_policy_document.s3_policy": {
                    "type": "aws_iam_policy_document",
                    "depends_on": [],
                    "primary": {
                        "id": "775214876",
                        "attributes": {
                            "id": "775214876",
                            "json": "{\n  \"Version\": \"2012-10-17\",\n  \"Statement\": [\n    {\n      \"Sid\": \"PublicReadForGetBucketObjects\",\n      \"Effect\": \"Allow\",\n      \"Action\": \"s3:GetObject\",\n      \"Resource\": \"arn:aws:s3:::ssp-test-bucket-for-uploading-to-json/*\",\n      \"Principal\": {\n        \"AWS\": \"*\"\n      },\n      \"Condition\": {\n        \"IpAddress\": {\n          \"aws:SourceIp\": \"0.0.0.0/0\"\n        }\n      }\n    }\n  ]\n}",
                            "statement.#": "1",
                            "statement.0.actions.#": "1",
                            "statement.0.actions.2071725391": "s3:GetObject",
                            "statement.0.condition.#": "1",
                            "statement.0.condition.72895510.test": "IpAddress",
                            "statement.0.condition.72895510.values.#": "1",
                            "statement.0.condition.72895510.values.217649824": "0.0.0.0/0",
                            "statement.0.condition.72895510.variable": "aws:SourceIp",
                            "statement.0.effect": "Allow",
                            "statement.0.not_actions.#": "0",
                            "statement.0.not_principals.#": "0",
                            "statement.0.not_resources.#": "0",
                            "statement.0.principals.#": "1",
                            "statement.0.principals.636693895.identifiers.#": "1",
                            "statement.0.principals.636693895.identifiers.1615251469": "*",
                            "statement.0.principals.636693895.type": "AWS",
                            "statement.0.resources.#": "1",
                            "statement.0.resources.1572743381": "arn:aws:s3:::ssp-test-bucket-for-uploading-to-json/*",
                            "statement.0.sid": "PublicReadForGetBucketObjects",
                            "version": "2012-10-17"
                        },
                        "meta": {},
                        "tainted": false
                    },
                    "deposed": [],
                    "provider": "provider.aws"
                },
                "data.aws_region.current": {
                    "type": "aws_region",
                    "depends_on": [],
                    "primary": {
                        "id": "eu-west-2",
                        "attributes": {
                            "description": "EU (London)",
                            "endpoint": "ec2.eu-west-2.amazonaws.com",
                            "id": "eu-west-2",
                            "name": "eu-west-2"
                        },
                        "meta": {},
                        "tainted": false
                    },
                    "deposed": [],
                    "provider": "provider.aws"
                },
                "kubernetes_config_map.aws_auth_configmap": {
                    "type": "kubernetes_config_map",
                    "depends_on": [
                        "aws_iam_role.cluster-iam-role"
                    ],
                    "primary": {
                        "id": "kube-system/aws-auth",
                        "attributes": {
                            "binary_data.%": "0",
                            "data.%": "1",
                            "data.mapRoles": "    apiVersion: v1\n    kind: ConfigMap\n    metadata:\n      name: aws-auth\n      namespace: kube-system\n    data:\n      mapRoles: |\n        - rolearn: arn:aws:iam::870539827412:role/eks-cluster-iam-role\n          username: system:node:{{EC2PrivateDNSName}}\n          groups:\n            - system:bootstrappers\n            - system:nodes\n",
                            "id": "kube-system/aws-auth",
                            "metadata.#": "1",
                            "metadata.0.annotations.%": "0",
                            "metadata.0.generate_name": "",
                            "metadata.0.generation": "0",
                            "metadata.0.labels.%": "0",
                            "metadata.0.name": "aws-auth",
                            "metadata.0.namespace": "kube-system",
                            "metadata.0.resource_version": "3635",
                            "metadata.0.self_link": "/api/v1/namespaces/kube-system/configmaps/aws-auth",
                            "metadata.0.uid": "d4efcb2f-8892-11e9-9454-0a49335cd8fe"
                        },
                        "meta": {},
                        "tainted": false
                    },
                    "deposed": [],
                    "provider": "provider.kubernetes"
                },
                "kubernetes_namespace.self-service-portal": {
                    "type": "kubernetes_namespace",
                    "depends_on": [],
                    "primary": {
                        "id": "test-for-namespace-creation",
                        "attributes": {
                            "id": "test-for-namespace-creation",
                            "metadata.#": "1",
                            "metadata.0.annotations.%": "1",
                            "metadata.0.annotations.name": "example-annotation",
                            "metadata.0.generate_name": "",
                            "metadata.0.generation": "0",
                            "metadata.0.labels.%": "1",
                            "metadata.0.labels.name": "self-service-portal",
                            "metadata.0.name": "test-for-namespace-creation",
                            "metadata.0.resource_version": "374",
                            "metadata.0.self_link": "/api/v1/namespaces/test-for-namespace-creation",
                            "metadata.0.uid": "d4effb8a-8892-11e9-9454-0a49335cd8fe"
                        },
                        "meta": {},
                        "tainted": false
                    },
                    "deposed": [],
                    "provider": "provider.kubernetes"
                },
                "kubernetes_pod.nginx": {
                    "type": "kubernetes_pod",
                    "depends_on": [],
                    "primary": {
                        "id": "test-for-namespace-creation/test-for-pod-creation",
                        "attributes": {
                            "id": "test-for-namespace-creation/test-for-pod-creation",
                            "metadata.#": "1",
                            "metadata.0.annotations.%": "0",
                            "metadata.0.generate_name": "",
                            "metadata.0.generation": "0",
                            "metadata.0.labels.%": "1",
                            "metadata.0.labels.app": "nginx",
                            "metadata.0.name": "test-for-pod-creation",
                            "metadata.0.namespace": "test-for-namespace-creation",
                            "metadata.0.resource_version": "3566",
                            "metadata.0.self_link": "/api/v1/namespaces/test-for-namespace-creation/pods/test-for-pod-creation",
                            "metadata.0.uid": "d4fa3b53-8892-11e9-9454-0a49335cd8fe",
                            "spec.#": "1",
                            "spec.0.active_deadline_seconds": "0",
                            "spec.0.affinity.#": "0",
                            "spec.0.container.#": "1",
                            "spec.0.container.0.args.#": "0",
                            "spec.0.container.0.command.#": "0",
                            "spec.0.container.0.env.#": "0",
                            "spec.0.container.0.env_from.#": "0",
                            "spec.0.container.0.image": "nginx:latest",
                            "spec.0.container.0.image_pull_policy": "Always",
                            "spec.0.container.0.lifecycle.#": "0",
                            "spec.0.container.0.liveness_probe.#": "0",
                            "spec.0.container.0.name": "test-for-pod-creation",
                            "spec.0.container.0.port.#": "0",
                            "spec.0.container.0.readiness_probe.#": "0",
                            "spec.0.container.0.resources.#": "1",
                            "spec.0.container.0.security_context.#": "0",
                            "spec.0.container.0.stdin": "false",
                            "spec.0.container.0.stdin_once": "false",
                            "spec.0.container.0.termination_message_path": "/dev/termination-log",
                            "spec.0.container.0.tty": "false",
                            "spec.0.container.0.volume_mount.#": "0",
                            "spec.0.container.0.working_dir": "",
                            "spec.0.dns_config.#": "0",
                            "spec.0.dns_policy": "ClusterFirst",
                            "spec.0.host_aliases.#": "0",
                            "spec.0.host_ipc": "false",
                            "spec.0.host_network": "false",
                            "spec.0.host_pid": "false",
                            "spec.0.hostname": "",
                            "spec.0.image_pull_secrets.#": "0",
                            "spec.0.init_container.#": "0",
                            "spec.0.node_name": "",
                            "spec.0.node_selector.%": "0",
                            "spec.0.restart_policy": "Always",
                            "spec.0.security_context.#": "0",
                            "spec.0.service_account_name": "default",
                            "spec.0.subdomain": "",
                            "spec.0.termination_grace_period_seconds": "30",
                            "spec.0.volume.#": "0"
                        },
                        "meta": {
                            "e2bfb730-ecaa-11e6-8f88-34363bc7c4c0": {
                                "create": 300000000000,
                                "delete": 300000000000
                            }
                        },
                        "tainted": false
                    },
                    "deposed": [],
                    "provider": "provider.kubernetes"
                },
                "kubernetes_service.nginx": {
                    "type": "kubernetes_service",
                    "depends_on": [
                        "kubernetes_pod.nginx"
                    ],
                    "primary": {
                        "id": "test-for-namespace-creation/test-for-pod-creation",
                        "attributes": {
                            "id": "test-for-namespace-creation/test-for-pod-creation",
                            "load_balancer_ingress.#": "0",
                            "metadata.#": "1",
                            "metadata.0.annotations.%": "0",
                            "metadata.0.generate_name": "",
                            "metadata.0.generation": "0",
                            "metadata.0.labels.%": "0",
                            "metadata.0.name": "test-for-pod-creation",
                            "metadata.0.namespace": "test-for-namespace-creation",
                            "metadata.0.resource_version": "2046",
                            "metadata.0.self_link": "/api/v1/namespaces/test-for-namespace-creation/services/test-for-pod-creation",
                            "metadata.0.uid": "1fb54011-8894-11e9-9454-0a49335cd8fe",
                            "spec.#": "1",
                            "spec.0.cluster_ip": "172.20.129.98",
                            "spec.0.external_ips.#": "0",
                            "spec.0.external_name": "",
                            "spec.0.external_traffic_policy": "Cluster",
                            "spec.0.load_balancer_ip": "",
                            "spec.0.load_balancer_source_ranges.#": "0",
                            "spec.0.port.#": "1",
                            "spec.0.port.0.name": "",
                            "spec.0.port.0.node_port": "30174",
                            "spec.0.port.0.port": "80",
                            "spec.0.port.0.protocol": "TCP",
                            "spec.0.port.0.target_port": "8080",
                            "spec.0.publish_not_ready_addresses": "false",
                            "spec.0.selector.%": "1",
                            "spec.0.selector.app": "nginx",
                            "spec.0.session_affinity": "None",
                            "spec.0.type": "NodePort"
                        },
                        "meta": {},
                        "tainted": false
                    },
                    "deposed": [],
                    "provider": "provider.kubernetes"
                },
                "null_resource.remove_and_upload_to_s3": {
                    "type": "null_resource",
                    "depends_on": [
                        "aws_s3_bucket.website"
                    ],
                    "primary": {
                        "id": "2033338722",
                        "attributes": {
                            "id": "2033338722"
                        },
                        "meta": {},
                        "tainted": false
                    },
                    "deposed": [],
                    "provider": "provider.null"
                }
            },
            "depends_on": []
        }
    ]
}
